
Microsoft Visual Studio Solution File, Format Version 12.00
# Visual Studio Version 16
VisualStudioVersion = 16.0.30804.86
MinimumVisualStudioVersion = 10.0.40219.1
Project("{FAE04EC0-301F-11D3-BF4B-00C04F79EFBC}") = "MyConsoleApp2", "MyConsoleApp2\MyConsoleApp2.csproj", "{2A49F773-36DF-4F6E-81D3-5C1D7A80E719}"
EndProject
Global
	GlobalSection(SolutionConfigurationPlatforms) = preSolution
		Debug|Any CPU = Debug|Any CPU
		Release|Any CPU = Release|Any CPU
	EndGlobalSection
	GlobalSection(ProjectConfigurationPlatforms) = postSolution
		{2A49F773-36DF-4F6E-81D3-5C1D7A80E719}.Debug|Any CPU.ActiveCfg = Debug|Any CPU
		{2A49F773-36DF-4F6E-81D3-5C1D7A80E719}.Debug|Any CPU.Build.0 = Debug|Any CPU
		{2A49F773-36DF-4F6E-81D3-5C1D7A80E719}.Release|Any CPU.ActiveCfg = Release|Any CPU
		{2A49F773-36DF-4F6E-81D3-5C1D7A80E719}.Release|Any CPU.Build.0 = Release|Any CPU
	EndGlobalSection
	GlobalSection(SolutionProperties) = preSolution
		HideSolutionNode = FALSE
	EndGlobalSection
	GlobalSection(ExtensibilityGlobals) = postSolution
		SolutionGuid = {060B8E02-232D-4102-9358-3DD9FC38438D}
	EndGlobalSection
EndGlobal
